
Microsoft Visual Studio Solution File, Format Version 12.00
# Visual Studio Version 16
VisualStudioVersion = 16.0.29009.5
MinimumVisualStudioVersion = 10.0.40219.1
Project("{9A19103F-16F7-4668-BE54-9A1E7A4F7556}") = "MajorInteractiveBot", "MajorInteractiveBot\MajorInteractiveBot.csproj", "{B3986C02-3933-46B4-BA4C-66796D8C1AB0}"
EndProject
Project("{FAE04EC0-301F-11D3-BF4B-00C04F79EFBC}") = "MajorInteractiveBot.Data", "MajorInteractiveBot.Data\MajorInteractiveBot.Data.csproj", "{05559E63-17B5-44BE-B260-7179ADD7F1EA}"
EndProject
Global
	GlobalSection(SolutionConfigurationPlatforms) = preSolution
		Debug|Any CPU = Debug|Any CPU
		Release|Any CPU = Release|Any CPU
	EndGlobalSection
	GlobalSection(ProjectConfigurationPlatforms) = postSolution
		{B3986C02-3933-46B4-BA4C-66796D8C1AB0}.Debug|Any CPU.ActiveCfg = Debug|Any CPU
		{B3986C02-3933-46B4-BA4C-66796D8C1AB0}.Debug|Any CPU.Build.0 = Debug|Any CPU
		{B3986C02-3933-46B4-BA4C-66796D8C1AB0}.Release|Any CPU.ActiveCfg = Release|Any CPU
		{B3986C02-3933-46B4-BA4C-66796D8C1AB0}.Release|Any CPU.Build.0 = Release|Any CPU
		{05559E63-17B5-44BE-B260-7179ADD7F1EA}.Debug|Any CPU.ActiveCfg = Debug|Any CPU
		{05559E63-17B5-44BE-B260-7179ADD7F1EA}.Debug|Any CPU.Build.0 = Debug|Any CPU
		{05559E63-17B5-44BE-B260-7179ADD7F1EA}.Release|Any CPU.ActiveCfg = Release|Any CPU
		{05559E63-17B5-44BE-B260-7179ADD7F1EA}.Release|Any CPU.Build.0 = Release|Any CPU
	EndGlobalSection
	GlobalSection(SolutionProperties) = preSolution
		HideSolutionNode = FALSE
	EndGlobalSection
	GlobalSection(ExtensibilityGlobals) = postSolution
		SolutionGuid = {74C750F1-21B9-45F5-9345-D4804A7C8E74}
	EndGlobalSection
EndGlobal
